
Microsoft Visual Studio Solution File, Format Version 12.00
# Visual Studio Version 17
VisualStudioVersion = 17.0.31903.59
MinimumVisualStudioVersion = 10.0.40219.1
Project("{FAE04EC0-301F-11D3-BF4B-00C04F79EFBC}") = "TaskOverflow.Api", "TaskOverflow.Api\TaskOverflow.Api.csproj", "{8861E518-97AB-4413-8502-4770E164046C}"
EndProject
Project("{FAE04EC0-301F-11D3-BF4B-00C04F79EFBC}") = "TaskOverflow.Api.Tests", "TaskOverflow.Api.Tests\TaskOverflow.Api.Tests.csproj", "{E3BA4265-0794-40A4-9782-DB7AC89B3213}"
EndProject
Global
	GlobalSection(SolutionConfigurationPlatforms) = preSolution
		Debug|Any CPU = Debug|Any CPU
		Release|Any CPU = Release|Any CPU
	EndGlobalSection
	GlobalSection(SolutionProperties) = preSolution
		HideSolutionNode = FALSE
	EndGlobalSection
	GlobalSection(ProjectConfigurationPlatforms) = postSolution
		{8861E518-97AB-4413-8502-4770E164046C}.Debug|Any CPU.ActiveCfg = Debug|Any CPU
		{8861E518-97AB-4413-8502-4770E164046C}.Debug|Any CPU.Build.0 = Debug|Any CPU
		{8861E518-97AB-4413-8502-4770E164046C}.Release|Any CPU.ActiveCfg = Release|Any CPU
		{8861E518-97AB-4413-8502-4770E164046C}.Release|Any CPU.Build.0 = Release|Any CPU
		{E3BA4265-0794-40A4-9782-DB7AC89B3213}.Debug|Any CPU.ActiveCfg = Debug|Any CPU
		{E3BA4265-0794-40A4-9782-DB7AC89B3213}.Debug|Any CPU.Build.0 = Debug|Any CPU
		{E3BA4265-0794-40A4-9782-DB7AC89B3213}.Release|Any CPU.ActiveCfg = Release|Any CPU
		{E3BA4265-0794-40A4-9782-DB7AC89B3213}.Release|Any CPU.Build.0 = Release|Any CPU
	EndGlobalSection
EndGlobal
